# THIS IS AN AUTOGENERATED FILE. DO NOT EDIT THIS FILE DIRECTLY.
# yarn lockfile v1


vant-weapp@^0.5.12:
  version "0.5.12"
  resolved "https://registry.yarnpkg.com/vant-weapp/-/vant-weapp-0.5.12.tgz#dc3850e9a327e855d52b106ae09ab12c18e4cc22"
  integrity sha512-2hUvczdSLuSMQW4wboaQQlJAXnlXxbBp+vSBXs0SZfs99a1Ul/INumZPZgzZOGtwVRrQvLR9NXw2ogacsxGEnw==
